
Microsoft Visual Studio Solution File, Format Version 12.00
# Visual Studio Version 17
VisualStudioVersion = 17.0.31903.59
MinimumVisualStudioVersion = 10.0.40219.1
Project("{FAE04EC0-301F-11D3-BF4B-00C04F79EFBC}") = "ReceptionSignage", "src\ReceptionSignage.csproj", "{0457F9AD-46DB-4219-8DDD-51F6BDC82A64}"
EndProject
Project("{FAE04EC0-301F-11D3-BF4B-00C04F79EFBC}") = "ReceptionSignage.Dependencies", "dependencies\ReceptionSignage.Dependencies.csproj", "{2F00897B-60F4-485D-A71F-81C70F0BBB4D}"
EndProject
Project("{FAE04EC0-301F-11D3-BF4B-00C04F79EFBC}") = "ReceptionSignage.Tests", "test\ReceptionSignage.Tests.csproj", "{98D5AD47-69A3-4870-BBA9-DD362BA6FE6F}"
EndProject
Global
	GlobalSection(SolutionConfigurationPlatforms) = preSolution
		Debug|Any CPU = Debug|Any CPU
		Release|Any CPU = Release|Any CPU
	EndGlobalSection
	GlobalSection(SolutionProperties) = preSolution
		HideSolutionNode = FALSE
	EndGlobalSection
	GlobalSection(ProjectConfigurationPlatforms) = postSolution
		{0457F9AD-46DB-4219-8DDD-51F6BDC82A64}.Debug|Any CPU.ActiveCfg = Debug|Any CPU
		{0457F9AD-46DB-4219-8DDD-51F6BDC82A64}.Debug|Any CPU.Build.0 = Debug|Any CPU
		{0457F9AD-46DB-4219-8DDD-51F6BDC82A64}.Release|Any CPU.ActiveCfg = Release|Any CPU
		{0457F9AD-46DB-4219-8DDD-51F6BDC82A64}.Release|Any CPU.Build.0 = Release|Any CPU
		{2F00897B-60F4-485D-A71F-81C70F0BBB4D}.Debug|Any CPU.ActiveCfg = Debug|Any CPU
		{2F00897B-60F4-485D-A71F-81C70F0BBB4D}.Debug|Any CPU.Build.0 = Debug|Any CPU
		{2F00897B-60F4-485D-A71F-81C70F0BBB4D}.Release|Any CPU.ActiveCfg = Release|Any CPU
		{2F00897B-60F4-485D-A71F-81C70F0BBB4D}.Release|Any CPU.Build.0 = Release|Any CPU
		{98D5AD47-69A3-4870-BBA9-DD362BA6FE6F}.Debug|Any CPU.ActiveCfg = Debug|Any CPU
		{98D5AD47-69A3-4870-BBA9-DD362BA6FE6F}.Debug|Any CPU.Build.0 = Debug|Any CPU
		{98D5AD47-69A3-4870-BBA9-DD362BA6FE6F}.Release|Any CPU.ActiveCfg = Release|Any CPU
		{98D5AD47-69A3-4870-BBA9-DD362BA6FE6F}.Release|Any CPU.Build.0 = Release|Any CPU
	EndGlobalSection
EndGlobal
